# This file is automatically @generated by Cargo.
# It is not intended for manual editing.
version = 3

[[package]]
name = "MeshViewer"
version = "0.1.0"
dependencies = [
 "windows",
]

[[package]]
name = "windows"
version = "0.43.0"
dependencies = [
 "windows-targets",
]

[[package]]
name = "windows-targets"
version = "0.42.1"
dependencies = [
 "windows_aarch64_gnullvm",
 "windows_aarch64_msvc",
 "windows_i686_gnu",
 "windows_i686_msvc",
 "windows_x86_64_gnu",
 "windows_x86_64_gnullvm",
 "windows_x86_64_msvc",
]

[[package]]
name = "windows_aarch64_gnullvm"
version = "0.42.1"

[[package]]
name = "windows_aarch64_msvc"
version = "0.42.1"

[[package]]
name = "windows_i686_gnu"
version = "0.42.1"

[[package]]
name = "windows_i686_msvc"
version = "0.42.1"

[[package]]
name = "windows_x86_64_gnu"
version = "0.42.1"

[[package]]
name = "windows_x86_64_gnullvm"
version = "0.42.1"

[[package]]
name = "windows_x86_64_msvc"
version = "0.42.1"
